
Microsoft Visual Studio Solution File, Format Version 12.00
# Visual Studio Version 16
VisualStudioVersion = 16.0.30907.101
MinimumVisualStudioVersion = 10.0.40219.1
Project("{FAE04EC0-301F-11D3-BF4B-00C04F79EFBC}") = "MyFirstConsoleApp", "MyFirstConsoleApp\MyFirstConsoleApp.csproj", "{77322156-57C7-4B82-A19C-8FBC749FA28D}"
EndProject
Global
	GlobalSection(SolutionConfigurationPlatforms) = preSolution
		Debug|Any CPU = Debug|Any CPU
		Release|Any CPU = Release|Any CPU
	EndGlobalSection
	GlobalSection(ProjectConfigurationPlatforms) = postSolution
		{77322156-57C7-4B82-A19C-8FBC749FA28D}.Debug|Any CPU.ActiveCfg = Debug|Any CPU
		{77322156-57C7-4B82-A19C-8FBC749FA28D}.Debug|Any CPU.Build.0 = Debug|Any CPU
		{77322156-57C7-4B82-A19C-8FBC749FA28D}.Release|Any CPU.ActiveCfg = Release|Any CPU
		{77322156-57C7-4B82-A19C-8FBC749FA28D}.Release|Any CPU.Build.0 = Release|Any CPU
	EndGlobalSection
	GlobalSection(SolutionProperties) = preSolution
		HideSolutionNode = FALSE
	EndGlobalSection
	GlobalSection(ExtensibilityGlobals) = postSolution
		SolutionGuid = {DC308C58-CB4F-4DB5-B047-AE6D139EE0CE}
	EndGlobalSection
EndGlobal
