
Microsoft Visual Studio Solution File, Format Version 12.00
# Visual Studio Version 16
VisualStudioVersion = 16.0.30907.101
MinimumVisualStudioVersion = 10.0.40219.1
Project("{FAE04EC0-301F-11D3-BF4B-00C04F79EFBC}") = "Webgentle.Bookstore", "Webgentle.Bookstore\Webgentle.Bookstore.csproj", "{41574AC4-144A-4003-B2C4-3D6D05FB9ECE}"
EndProject
Global
	GlobalSection(SolutionConfigurationPlatforms) = preSolution
		Debug|Any CPU = Debug|Any CPU
		Release|Any CPU = Release|Any CPU
	EndGlobalSection
	GlobalSection(ProjectConfigurationPlatforms) = postSolution
		{41574AC4-144A-4003-B2C4-3D6D05FB9ECE}.Debug|Any CPU.ActiveCfg = Debug|Any CPU
		{41574AC4-144A-4003-B2C4-3D6D05FB9ECE}.Debug|Any CPU.Build.0 = Debug|Any CPU
		{41574AC4-144A-4003-B2C4-3D6D05FB9ECE}.Release|Any CPU.ActiveCfg = Release|Any CPU
		{41574AC4-144A-4003-B2C4-3D6D05FB9ECE}.Release|Any CPU.Build.0 = Release|Any CPU
	EndGlobalSection
	GlobalSection(SolutionProperties) = preSolution
		HideSolutionNode = FALSE
	EndGlobalSection
	GlobalSection(ExtensibilityGlobals) = postSolution
		SolutionGuid = {68E5D474-465E-41B6-BE82-18DB145668C0}
	EndGlobalSection
EndGlobal
